github.com/davecgh/go-spew v1.1.1 h1:vj9j/u1bqnvCEfJOwUhtlOARqs3+rkHYY13jYWTU97c=
github.com/davecgh/go-spew v1.1.1/go.mod h1:J7Y8YcW2NihsgmVo/mv3lAwl/skON4iLHjSsI+c5H38=
github.com/go-jose/go-jose/v4 v4.0.4 h1:VsjPI33J0SB9vQM6PLmNjoHqMQNGPiZ0rHL7Ni7Q6/E=
github.com/go-jose/go-jose/v4 v4.0.4/go.mod h1:NKb5HO1EZccyMpiZNbdUw/14tiXNyUJh188dfnMCAfc=
github.com/google/go-cmp v0.6.0 h1:ofyhxvXcZhMsU5ulbFiLKl/XBFqE1GSq7atu8tAmTRI=
github.com/google/go-cmp v0.6.0/go.mod h1:17dUlkBOakJ0+DkrSSNjCkIjxS6bF9zb3elmeNGIjoY=
github.com/gorilla/websocket v1.5.3 h1:saDtZ6Pbx/0u+bgYQ3q96pZgCzfhKXGPqt7kZ72aNNg=
github.com/gorilla/websocket v1.5.3/go.mod h1:YR8l580nyteQvAITg2hZ9XVh4b55+EU/adAjf1fMHhE=
github.com/pmezard/go-difflib v1.0.0 h1:4DBwDE0NGyQoBHbLQYPwSUPoCMWR5BEzIk/f1lZbAQM=
github.com/pmezard/go-difflib v1.0.0/go.mod h1:iKH77koFhYxTK1pcRnkKkqfTogsbg7gZNVY4sRDYZ/4=
github.com/stretchr/testify v1.9.0 h1:HtqpIVDClZ4nwg75+f6Lvsy/wHu+3BoSGCbBAcpTsTg=
github.com/stretchr/testify v1.9.0/go.mod h1:r2ic/lqez/lEtzL7wO/rwa5dbSLXVDPFyf8C91i36aY=
go.n16f.net/acme v0.0.0-20241128145057-c46e439ad6df h1:vaJyUlVBAFD1TptMaQrzyeE13pjnzF9CYKN4eOBNlAI=
go.n16f.net/acme v0.0.0-20241128145057-c46e439ad6df/go.mod h1:W9hREPBdpsPBAvkoOGag4TMMcjd+1Zmxpef/0ilR474=
go.n16f.net/bcl v0.0.0-20250105194405-707a672007f6 h1:XSRPaYqWvQI4h+Bk2rv4GZ0EW3WD8vdZgqjUjfKtdIY=
go.n16f.net/bcl v0.0.0-20250105194405-707a672007f6/go.mod h1:kGybQztV60nUVXehZrebYS0qd9vkl32/EDnZaTUUE7E=
go.n16f.net/ejson v0.0.0-20241008085127-23636287c009 h1:zM3TwILRJ4U+yKcx7/o05jcmurlTdqjyzZ7NZ7dK5bU=
go.n16f.net/ejson v0.0.0-20241008085127-23636287c009/go.mod h1:96wBQ6dI+0R4sM0LK5OVPqQGRFoWyVtiLRendDKLAJ4=
go.n16f.net/log v0.0.0-20240820155337-9eef10dcf842 h1:fd8Yoy3KkR2LXQhej8cjGdp37PSUArlF1lDGI6SKFEA=
go.n16f.net/log v0.0.0-20240820155337-9eef10dcf842/go.mod h1:BIWa3RtuDtvWHeBXuuhWS0NSRauDKbuM6t2WKD7J+fg=
go.n16f.net/program v0.0.0-20241208190041-4d0013a2857b h1:G5pCK2lzFCBZgtC3FsHkXYMSMWXqtOFml8r6OqJbrRI=
go.n16f.net/program v0.0.0-20241208190041-4d0013a2857b/go.mod h1:zXAb4sKY6JIuBH4VUtECNt/p79RDwT2SgwAmY1uhfMo=
go.n16f.net/uuid v0.0.0-20240707135755-e4fd26b968ad h1:QYbHaaFqx6hMor1L6iMSmyhMFvXQXhKaNk9nefug07M=
go.n16f.net/uuid v0.0.0-20240707135755-e4fd26b968ad/go.mod h1:hvPEWZmyP50in1DH72o5vUvoXFFyfRU6oL+p2tAcbgU=
golang.org/x/crypto v0.31.0 h1:ihbySMvVjLAeSH1IbfcRTkD/iNscyz8rGzjF/E5hV6U=
golang.org/x/crypto v0.31.0/go.mod h1:kDsLvtWBEx7MV9tJOj9bnXsPbxwJQ6csT/x4KIN4Ssk=
golang.org/x/exp v0.0.0-20250103183323-7d7fa50e5329 h1:9kj3STMvgqy3YA4VQXBrN7925ICMxD5wzMRcgA30588=
golang.org/x/exp v0.0.0-20250103183323-7d7fa50e5329/go.mod h1:qj5a5QZpwLU2NLQudwIN5koi3beDhSAlJwa67PuM98c=
golang.org/x/net v0.33.0 h1:74SYHlV8BIgHIFC/LrYkOGIwL19eTYXQ5wc6TBuO36I=
golang.org/x/net v0.33.0/go.mod h1:HXLR5J+9DxmrqMwG9qjGCxZ+zKXxBru04zlTvWlWuN4=
golang.org/x/sys v0.29.0 h1:TPYlXGxvx1MGTn2GiZDhnjPA9wZzZeGKHHmKhHYvgaU=
golang.org/x/sys v0.29.0/go.mod h1:/VUhepiaJMQUp4+oa/7Zr1D23ma6VTLIYjOOTFZPUcA=
golang.org/x/term v0.27.0 h1:WP60Sv1nlK1T6SupCHbXzSaN0b9wUmsPoRS9b61A23Q=
golang.org/x/term v0.27.0/go.mod h1:iMsnZpn0cago0GOrHO2+Y7u7JPn5AylBrcoWkElMTSM=
golang.org/x/text v0.21.0 h1:zyQAAkrwaneQ066sspRyJaG9VNi/YJ1NfzcGB3hZ/qo=
golang.org/x/text v0.21.0/go.mod h1:4IBbMaMmOPCJ8SecivzSH54+73PCFmPWxNTLm+vZkEQ=
gopkg.in/check.v1 v0.0.0-20161208181325-20d25e280405 h1:yhCVgyC4o1eVCa2tZl7eS0r+SDo693bJlVdllGtEeKM=
gopkg.in/check.v1 v0.0.0-20161208181325-20d25e280405/go.mod h1:Co6ibVJAznAaIkqp8huTwlJQCZ016jof/cbN4VW5Yz0=
gopkg.in/yaml.v3 v3.0.1 h1:fxVm/GzAzEWqLHuvctI91KS9hhNmmWOoWu0XTYJS7CA=
gopkg.in/yaml.v3 v3.0.1/go.mod h1:K4uyk7z7BCEPqu6E+C64Yfv1cQ7kz7rIZviUmN+EgEM=
