github.com/davecgh/go-spew v1.1.1 h1:vj9j/u1bqnvCEfJOwUhtlOARqs3+rkHYY13jYWTU97c=
github.com/davecgh/go-spew v1.1.1/go.mod h1:J7Y8YcW2NihsgmVo/mv3lAwl/skON4iLHjSsI+c5H38=
github.com/pmezard/go-difflib v1.0.0 h1:4DBwDE0NGyQoBHbLQYPwSUPoCMWR5BEzIk/f1lZbAQM=
github.com/pmezard/go-difflib v1.0.0/go.mod h1:iKH77koFhYxTK1pcRnkKkqfTogsbg7gZNVY4sRDYZ/4=
github.com/stretchr/testify v1.8.3 h1:RP3t2pwF7cMEbC1dqtB6poj3niw/9gnV4Cjg5oW5gtY=
github.com/stretchr/testify v1.8.3/go.mod h1:sz/lmYIOXD/1dqDmKjjqLyZ2RngseejIcXlSw2iwfAo=
go.n16f.net/ejson v0.0.0-20240820145652-4e9192313c14 h1:zjqIpkKmSvpRfNagjLcoIgoC0KC0xkKk2+cQOnjPRAg=
go.n16f.net/ejson v0.0.0-20240820145652-4e9192313c14/go.mod h1:96wBQ6dI+0R4sM0LK5OVPqQGRFoWyVtiLRendDKLAJ4=
go.n16f.net/log v0.0.0-20240820140728-fa52841d72cd h1:+y4JHwngnoX3ixxvGS8a5MmBcdouiJTnS+8sCM+m4Vc=
go.n16f.net/log v0.0.0-20240820140728-fa52841d72cd/go.mod h1:BIWa3RtuDtvWHeBXuuhWS0NSRauDKbuM6t2WKD7J+fg=
go.n16f.net/program v0.0.0-20240714172550-28d5a141755e h1:7o9q68B3+MVEg0p9Xsg+orLLpPT8i6yDck2jZn5rKSI=
go.n16f.net/program v0.0.0-20240714172550-28d5a141755e/go.mod h1:MKuQtJLHafIg8LvIO6fNzt04Uzab+H3ByU1wphsuz/4=
go.n16f.net/uuid v0.0.0-20240707135755-e4fd26b968ad h1:QYbHaaFqx6hMor1L6iMSmyhMFvXQXhKaNk9nefug07M=
go.n16f.net/uuid v0.0.0-20240707135755-e4fd26b968ad/go.mod h1:hvPEWZmyP50in1DH72o5vUvoXFFyfRU6oL+p2tAcbgU=
go.n16f.net/yamlutils v0.0.0-20240818155238-fcdefaafa9a8 h1:fIzMM0EtAI0g2ULZ1Up0bejxVgS2yn5MWX4o8u4FisQ=
go.n16f.net/yamlutils v0.0.0-20240818155238-fcdefaafa9a8/go.mod h1:GPkF2eLHKRN+SPIEG0qbhitfD8XlGD8p/U8eD6OO1N4=
golang.org/x/sys v0.19.0 h1:q5f1RH2jigJ1MoAWp2KTp3gm5zAGFUTarQZ5U386+4o=
golang.org/x/sys v0.19.0/go.mod h1:/VUhepiaJMQUp4+oa/7Zr1D23ma6VTLIYjOOTFZPUcA=
golang.org/x/term v0.19.0 h1:+ThwsDv+tYfnJFhF4L8jITxu1tdTWRTZpdsWgEgjL6Q=
golang.org/x/term v0.19.0/go.mod h1:2CuTdWZ7KHSQwUzKva0cbMg6q2DMI3Mmxp+gKJbskEk=
gopkg.in/check.v1 v0.0.0-20161208181325-20d25e280405 h1:yhCVgyC4o1eVCa2tZl7eS0r+SDo693bJlVdllGtEeKM=
gopkg.in/check.v1 v0.0.0-20161208181325-20d25e280405/go.mod h1:Co6ibVJAznAaIkqp8huTwlJQCZ016jof/cbN4VW5Yz0=
gopkg.in/yaml.v3 v3.0.1 h1:fxVm/GzAzEWqLHuvctI91KS9hhNmmWOoWu0XTYJS7CA=
gopkg.in/yaml.v3 v3.0.1/go.mod h1:K4uyk7z7BCEPqu6E+C64Yfv1cQ7kz7rIZviUmN+EgEM=
